
Microsoft Visual Studio Solution File, Format Version 12.00
# Visual Studio Version 17
VisualStudioVersion = 17.3.32819.101
MinimumVisualStudioVersion = 10.0.40219.1
Project("{FAE04EC0-301F-11D3-BF4B-00C04F79EFBC}") = "Grupp-Projekt", "Grupp-Projekt\Grupp-Projekt.csproj", "{041E1D19-1F99-4BC5-9304-A3725C69A9D4}"
EndProject
Global
	GlobalSection(SolutionConfigurationPlatforms) = preSolution
		Debug|Any CPU = Debug|Any CPU
		Release|Any CPU = Release|Any CPU
	EndGlobalSection
	GlobalSection(ProjectConfigurationPlatforms) = postSolution
		{041E1D19-1F99-4BC5-9304-A3725C69A9D4}.Debug|Any CPU.ActiveCfg = Debug|Any CPU
		{041E1D19-1F99-4BC5-9304-A3725C69A9D4}.Debug|Any CPU.Build.0 = Debug|Any CPU
		{041E1D19-1F99-4BC5-9304-A3725C69A9D4}.Release|Any CPU.ActiveCfg = Release|Any CPU
		{041E1D19-1F99-4BC5-9304-A3725C69A9D4}.Release|Any CPU.Build.0 = Release|Any CPU
	EndGlobalSection
	GlobalSection(SolutionProperties) = preSolution
		HideSolutionNode = FALSE
	EndGlobalSection
	GlobalSection(ExtensibilityGlobals) = postSolution
		SolutionGuid = {89BBE331-4FB0-4121-8777-FE6D834D17E7}
	EndGlobalSection
EndGlobal
